
Microsoft Visual Studio Solution File, Format Version 12.00
# Visual Studio Version 17
VisualStudioVersion = 17.3.32611.2
MinimumVisualStudioVersion = 10.0.40219.1
Project("{FAE04EC0-301F-11D3-BF4B-00C04F79EFBC}") = "Замена_Ссылки_В_Столбце_V5", "Замена_Ссылки_В_Столбце_V5\Замена_Ссылки_В_Столбце_V5.csproj", "{8630E56F-DACF-4C26-B2B7-60412BF781B9}"
EndProject
Global
	GlobalSection(SolutionConfigurationPlatforms) = preSolution
		Debug|Any CPU = Debug|Any CPU
		Release|Any CPU = Release|Any CPU
	EndGlobalSection
	GlobalSection(ProjectConfigurationPlatforms) = postSolution
		{8630E56F-DACF-4C26-B2B7-60412BF781B9}.Debug|Any CPU.ActiveCfg = Debug|Any CPU
		{8630E56F-DACF-4C26-B2B7-60412BF781B9}.Debug|Any CPU.Build.0 = Debug|Any CPU
		{8630E56F-DACF-4C26-B2B7-60412BF781B9}.Release|Any CPU.ActiveCfg = Release|Any CPU
		{8630E56F-DACF-4C26-B2B7-60412BF781B9}.Release|Any CPU.Build.0 = Release|Any CPU
	EndGlobalSection
	GlobalSection(SolutionProperties) = preSolution
		HideSolutionNode = FALSE
	EndGlobalSection
	GlobalSection(ExtensibilityGlobals) = postSolution
		SolutionGuid = {BEB200BD-20CB-41CC-BB29-040D4D704BDD}
	EndGlobalSection
EndGlobal
